# THIS IS AN AUTOGENERATED FILE. DO NOT EDIT THIS FILE DIRECTLY.
# yarn lockfile v1


"@protobufjs/aspromise@^1.1.1", "@protobufjs/aspromise@^1.1.2":
  version "1.1.2"
  resolved "https://r.cnpmjs.org/@protobufjs/aspromise/download/@protobufjs/aspromise-1.1.2.tgz#9b8b0cc663d669a7d8f6f5d0893a14d348f30fbf"
  integrity sha1-m4sMxmPWaafY9vXQiToU00jzD78=

"@protobufjs/base64@^1.1.2":
  version "1.1.2"
  resolved "https://r.cnpmjs.org/@protobufjs/base64/download/@protobufjs/base64-1.1.2.tgz#4c85730e59b9a1f1f349047dbf24296034bb2735"
  integrity sha1-TIVzDlm5ofHzSQR9vyQpYDS7JzU=

"@protobufjs/codegen@^2.0.4":
  version "2.0.4"
  resolved "https://r.cnpmjs.org/@protobufjs/codegen/download/@protobufjs/codegen-2.0.4.tgz#7ef37f0d010fb028ad1ad59722e506d9262815cb"
  integrity sha1-fvN/DQEPsCitGtWXIuUG2SYoFcs=

"@protobufjs/eventemitter@^1.1.0":
  version "1.1.0"
  resolved "https://r.cnpmjs.org/@protobufjs/eventemitter/download/@protobufjs/eventemitter-1.1.0.tgz#355cbc98bafad5978f9ed095f397621f1d066b70"
  integrity sha1-NVy8mLr61ZePntCV85diHx0Ga3A=

"@protobufjs/fetch@^1.1.0":
  version "1.1.0"
  resolved "https://r.cnpmjs.org/@protobufjs/fetch/download/@protobufjs/fetch-1.1.0.tgz#ba99fb598614af65700c1619ff06d454b0d84c45"
  integrity sha1-upn7WYYUr2VwDBYZ/wbUVLDYTEU=
  dependencies:
    "@protobufjs/aspromise" "^1.1.1"
    "@protobufjs/inquire" "^1.1.0"

"@protobufjs/float@^1.0.2":
  version "1.0.2"
  resolved "https://r.cnpmjs.org/@protobufjs/float/download/@protobufjs/float-1.0.2.tgz#5e9e1abdcb73fc0a7cb8b291df78c8cbd97b87d1"
  integrity sha1-Xp4avctz/Ap8uLKR33jIy9l7h9E=

"@protobufjs/inquire@^1.1.0":
  version "1.1.0"
  resolved "https://r.cnpmjs.org/@protobufjs/inquire/download/@protobufjs/inquire-1.1.0.tgz#ff200e3e7cf2429e2dcafc1140828e8cc638f089"
  integrity sha1-/yAOPnzyQp4tyvwRQIKOjMY48Ik=

"@protobufjs/path@^1.1.2":
  version "1.1.2"
  resolved "https://r.cnpmjs.org/@protobufjs/path/download/@protobufjs/path-1.1.2.tgz#6cc2b20c5c9ad6ad0dccfd21ca7673d8d7fbf68d"
  integrity sha1-bMKyDFya1q0NzP0hynZz2Nf79o0=

"@protobufjs/pool@^1.1.0":
  version "1.1.0"
  resolved "https://r.cnpmjs.org/@protobufjs/pool/download/@protobufjs/pool-1.1.0.tgz#09fd15f2d6d3abfa9b65bc366506d6ad7846ff54"
  integrity sha1-Cf0V8tbTq/qbZbw2ZQbWrXhG/1Q=

"@protobufjs/utf8@^1.1.0":
  version "1.1.0"
  resolved "https://r.cnpmjs.org/@protobufjs/utf8/download/@protobufjs/utf8-1.1.0.tgz#a777360b5b39a1a2e5106f8e858f2fd2d060c570"
  integrity sha1-p3c2C1s5oaLlEG+OhY8v0tBgxXA=

"@types/eslint-scope@^3.7.0":
  version "3.7.0"
  resolved "https://r.cnpmjs.org/@types/eslint-scope/download/@types/eslint-scope-3.7.0.tgz#4792816e31119ebd506902a482caec4951fabd86"
  integrity sha1-R5KBbjERnr1QaQKkgsrsSVH6vYY=
  dependencies:
    "@types/eslint" "*"
    "@types/estree" "*"

"@types/eslint@*":
  version "7.2.13"
  resolved "https://r.cnpmjs.org/@types/eslint/download/@types/eslint-7.2.13.tgz#e0ca7219ba5ded402062ad6f926d491ebb29dd53"
  integrity sha1-4MpyGbpd7UAgYq1vkm1JHrsp3VM=
  dependencies:
    "@types/estree" "*"
    "@types/json-schema" "*"

"@types/estree@*":
  version "0.0.49"
  resolved "https://r.cnpmjs.org/@types/estree/download/@types/estree-0.0.49.tgz#3facb98ebcd4114a4ecef74e0de2175b56fd4464"
  integrity sha1-P6y5jrzUEUpOzvdODeIXW1b9RGQ=

"@types/estree@^0.0.48":
  version "0.0.48"
  resolved "https://r.cnpmjs.org/@types/estree/download/@types/estree-0.0.48.tgz#18dc8091b285df90db2f25aa7d906cfc394b7f74"
  integrity sha1-GNyAkbKF35DbLyWqfZBs/DlLf3Q=

"@types/json-schema@*", "@types/json-schema@^7.0.6":
  version "7.0.7"
  resolved "https://r.cnpmjs.org/@types/json-schema/download/@types/json-schema-7.0.7.tgz#98a993516c859eb0d5c4c8f098317a9ea68db9ad"
  integrity sha1-mKmTUWyFnrDVxMjwmDF6nqaNua0=

"@types/long@^4.0.1":
  version "4.0.1"
  resolved "https://r.cnpmjs.org/@types/long/download/@types/long-4.0.1.tgz#459c65fa1867dafe6a8f322c4c51695663cc55e9"
  integrity sha1-RZxl+hhn2v5qjzIsTFFpVmPMVek=

"@types/node@*", "@types/node@>=13.7.0":
  version "16.0.0"
  resolved "https://r.cnpmjs.org/@types/node/download/@types/node-16.0.0.tgz#067a6c49dc7a5c2412a505628e26902ae967bf6f"
  integrity sha1-BnpsSdx6XCQSpQVijiaQKulnv28=

"@types/webgl2@^0.0.6":
  version "0.0.6"
  resolved "https://r.cnpmjs.org/@types/webgl2/download/@types/webgl2-0.0.6.tgz#1ea2db791362bd8521548d664dbd3c5311cdf4b6"
  integrity sha1-HqLbeRNivYUhVI1mTb08UxHN9LY=

"@webassemblyjs/ast@1.11.0":
  version "1.11.0"
  resolved "https://r.cnpmjs.org/@webassemblyjs/ast/download/@webassemblyjs/ast-1.11.0.tgz#a5aa679efdc9e51707a4207139da57920555961f"
  integrity sha1-papnnv3J5RcHpCBxOdpXkgVVlh8=
  dependencies:
    "@webassemblyjs/helper-numbers" "1.11.0"
    "@webassemblyjs/helper-wasm-bytecode" "1.11.0"

"@webassemblyjs/floating-point-hex-parser@1.11.0":
  version "1.11.0"
  resolved "https://r.cnpmjs.org/@webassemblyjs/floating-point-hex-parser/download/@webassemblyjs/floating-point-hex-parser-1.11.0.tgz#34d62052f453cd43101d72eab4966a022587947c"
  integrity sha1-NNYgUvRTzUMQHXLqtJZqAiWHlHw=

"@webassemblyjs/helper-api-error@1.11.0":
  version "1.11.0"
  resolved "https://r.cnpmjs.org/@webassemblyjs/helper-api-error/download/@webassemblyjs/helper-api-error-1.11.0.tgz#aaea8fb3b923f4aaa9b512ff541b013ffb68d2d4"
  integrity sha1-quqPs7kj9KqptRL/VBsBP/to0tQ=

"@webassemblyjs/helper-buffer@1.11.0":
  version "1.11.0"
  resolved "https://r.cnpmjs.org/@webassemblyjs/helper-buffer/download/@webassemblyjs/helper-buffer-1.11.0.tgz#d026c25d175e388a7dbda9694e91e743cbe9b642"
  integrity sha1-0CbCXRdeOIp9valpTpHnQ8vptkI=

"@webassemblyjs/helper-numbers@1.11.0":
  version "1.11.0"
  resolved "https://r.cnpmjs.org/@webassemblyjs/helper-numbers/download/@webassemblyjs/helper-numbers-1.11.0.tgz#7ab04172d54e312cc6ea4286d7d9fa27c88cd4f9"
  integrity sha1-erBBctVOMSzG6kKG19n6J8iM1Pk=
  dependencies:
    "@webassemblyjs/floating-point-hex-parser" "1.11.0"
    "@webassemblyjs/helper-api-error" "1.11.0"
    "@xtuc/long" "4.2.2"

"@webassemblyjs/helper-wasm-bytecode@1.11.0":
  version "1.11.0"
  resolved "https://r.cnpmjs.org/@webassemblyjs/helper-wasm-bytecode/download/@webassemblyjs/helper-wasm-bytecode-1.11.0.tgz#85fdcda4129902fe86f81abf7e7236953ec5a4e1"
  integrity sha1-hf3NpBKZAv6G+Bq/fnI2lT7FpOE=

"@webassemblyjs/helper-wasm-section@1.11.0":
  version "1.11.0"
  resolved "https://r.cnpmjs.org/@webassemblyjs/helper-wasm-section/download/@webassemblyjs/helper-wasm-section-1.11.0.tgz#9ce2cc89300262509c801b4af113d1ca25c1a75b"
  integrity sha1-nOLMiTACYlCcgBtK8RPRyiXBp1s=
  dependencies:
    "@webassemblyjs/ast" "1.11.0"
    "@webassemblyjs/helper-buffer" "1.11.0"
    "@webassemblyjs/helper-wasm-bytecode" "1.11.0"
    "@webassemblyjs/wasm-gen" "1.11.0"

"@webassemblyjs/ieee754@1.11.0":
  version "1.11.0"
  resolved "https://r.cnpmjs.org/@webassemblyjs/ieee754/download/@webassemblyjs/ieee754-1.11.0.tgz#46975d583f9828f5d094ac210e219441c4e6f5cf"
  integrity sha1-RpddWD+YKPXQlKwhDiGUQcTm9c8=
  dependencies:
    "@xtuc/ieee754" "^1.2.0"

"@webassemblyjs/leb128@1.11.0":
  version "1.11.0"
  resolved "https://r.cnpmjs.org/@webassemblyjs/leb128/download/@webassemblyjs/leb128-1.11.0.tgz#f7353de1df38aa201cba9fb88b43f41f75ff403b"
  integrity sha1-9zU94d84qiAcup+4i0P0H3X/QDs=
  dependencies:
    "@xtuc/long" "4.2.2"

"@webassemblyjs/utf8@1.11.0":
  version "1.11.0"
  resolved "https://r.cnpmjs.org/@webassemblyjs/utf8/download/@webassemblyjs/utf8-1.11.0.tgz#86e48f959cf49e0e5091f069a709b862f5a2cadf"
  integrity sha1-huSPlZz0ng5QkfBppwm4YvWiyt8=

"@webassemblyjs/wasm-edit@1.11.0":
  version "1.11.0"
  resolved "https://r.cnpmjs.org/@webassemblyjs/wasm-edit/download/@webassemblyjs/wasm-edit-1.11.0.tgz#ee4a5c9f677046a210542ae63897094c2027cb78"
  integrity sha1-7kpcn2dwRqIQVCrmOJcJTCAny3g=
  dependencies:
    "@webassemblyjs/ast" "1.11.0"
    "@webassemblyjs/helper-buffer" "1.11.0"
    "@webassemblyjs/helper-wasm-bytecode" "1.11.0"
    "@webassemblyjs/helper-wasm-section" "1.11.0"
    "@webassemblyjs/wasm-gen" "1.11.0"
    "@webassemblyjs/wasm-opt" "1.11.0"
    "@webassemblyjs/wasm-parser" "1.11.0"
    "@webassemblyjs/wast-printer" "1.11.0"

"@webassemblyjs/wasm-gen@1.11.0":
  version "1.11.0"
  resolved "https://r.cnpmjs.org/@webassemblyjs/wasm-gen/download/@webassemblyjs/wasm-gen-1.11.0.tgz#3cdb35e70082d42a35166988dda64f24ceb97abe"
  integrity sha1-PNs15wCC1Co1FmmI3aZPJM65er4=
  dependencies:
    "@webassemblyjs/ast" "1.11.0"
    "@webassemblyjs/helper-wasm-bytecode" "1.11.0"
    "@webassemblyjs/ieee754" "1.11.0"
    "@webassemblyjs/leb128" "1.11.0"
    "@webassemblyjs/utf8" "1.11.0"

"@webassemblyjs/wasm-opt@1.11.0":
  version "1.11.0"
  resolved "https://r.cnpmjs.org/@webassemblyjs/wasm-opt/download/@webassemblyjs/wasm-opt-1.11.0.tgz#1638ae188137f4bb031f568a413cd24d32f92978"
  integrity sha1-FjiuGIE39LsDH1aKQTzSTTL5KXg=
  dependencies:
    "@webassemblyjs/ast" "1.11.0"
    "@webassemblyjs/helper-buffer" "1.11.0"
    "@webassemblyjs/wasm-gen" "1.11.0"
    "@webassemblyjs/wasm-parser" "1.11.0"

"@webassemblyjs/wasm-parser@1.11.0":
  version "1.11.0"
  resolved "https://r.cnpmjs.org/@webassemblyjs/wasm-parser/download/@webassemblyjs/wasm-parser-1.11.0.tgz#3e680b8830d5b13d1ec86cc42f38f3d4a7700754"
  integrity sha1-PmgLiDDVsT0eyGzELzjz1KdwB1Q=
  dependencies:
    "@webassemblyjs/ast" "1.11.0"
    "@webassemblyjs/helper-api-error" "1.11.0"
    "@webassemblyjs/helper-wasm-bytecode" "1.11.0"
    "@webassemblyjs/ieee754" "1.11.0"
    "@webassemblyjs/leb128" "1.11.0"
    "@webassemblyjs/utf8" "1.11.0"

"@webassemblyjs/wast-printer@1.11.0":
  version "1.11.0"
  resolved "https://r.cnpmjs.org/@webassemblyjs/wast-printer/download/@webassemblyjs/wast-printer-1.11.0.tgz#680d1f6a5365d6d401974a8e949e05474e1fab7e"
  integrity sha1-aA0falNl1tQBl0qOlJ4FR04fq34=
  dependencies:
    "@webassemblyjs/ast" "1.11.0"
    "@xtuc/long" "4.2.2"

"@xtuc/ieee754@^1.2.0":
  version "1.2.0"
  resolved "https://r.cnpmjs.org/@xtuc/ieee754/download/@xtuc/ieee754-1.2.0.tgz#eef014a3145ae477a1cbc00cd1e552336dceb790"
  integrity sha1-7vAUoxRa5Hehy8AM0eVSM23Ot5A=

"@xtuc/long@4.2.2":
  version "4.2.2"
  resolved "https://r.cnpmjs.org/@xtuc/long/download/@xtuc/long-4.2.2.tgz#d291c6a4e97989b5c61d9acf396ae4fe133a718d"
  integrity sha1-0pHGpOl5ibXGHZrPOWrk/hM6cY0=

acorn@^8.4.1:
  version "8.4.1"
  resolved "https://r.cnpmjs.org/acorn/download/acorn-8.4.1.tgz#56c36251fc7cabc7096adc18f05afe814321a28c"
  integrity sha1-VsNiUfx8q8cJatwY8Fr+gUMhoow=

ajv-keywords@^3.5.2:
  version "3.5.2"
  resolved "https://r.cnpmjs.org/ajv-keywords/download/ajv-keywords-3.5.2.tgz#31f29da5ab6e00d1c2d329acf7b5929614d5014d"
  integrity sha1-MfKdpatuANHC0yms97WSlhTVAU0=

ajv@^6.12.5:
  version "6.12.6"
  resolved "https://r.cnpmjs.org/ajv/download/ajv-6.12.6.tgz#baf5a62e802b07d977034586f8c3baf5adf26df4"
  integrity sha1-uvWmLoArB9l3A0WG+MO69a3ybfQ=
  dependencies:
    fast-deep-equal "^3.1.1"
    fast-json-stable-stringify "^2.0.0"
    json-schema-traverse "^0.4.1"
    uri-js "^4.2.2"

ansi-styles@^4.1.0:
  version "4.3.0"
  resolved "https://r.cnpmjs.org/ansi-styles/download/ansi-styles-4.3.0.tgz#edd803628ae71c04c85ae7a0906edad34b648937"
  integrity sha1-7dgDYornHATIWuegkG7a00tkiTc=
  dependencies:
    color-convert "^2.0.1"

braces@^3.0.1:
  version "3.0.2"
  resolved "https://r.cnpmjs.org/braces/download/braces-3.0.2.tgz#3454e1a462ee8d599e236df336cd9ea4f8afe107"
  integrity sha1-NFThpGLujVmeI23zNs2epPiv4Qc=
  dependencies:
    fill-range "^7.0.1"

browserslist@^4.14.5:
  version "4.16.6"
  resolved "https://r.cnpmjs.org/browserslist/download/browserslist-4.16.6.tgz#d7901277a5a88e554ed305b183ec9b0c08f66fa2"
  integrity sha1-15ASd6WojlVO0wWxg+ybDAj2b6I=
  dependencies:
    caniuse-lite "^1.0.30001219"
    colorette "^1.2.2"
    electron-to-chromium "^1.3.723"
    escalade "^3.1.1"
    node-releases "^1.1.71"

buffer-from@^1.0.0:
  version "1.1.1"
  resolved "https://r.cnpmjs.org/buffer-from/download/buffer-from-1.1.1.tgz#32713bc028f75c02fdb710d7c7bcec1f2c6070ef"
  integrity sha1-MnE7wCj3XAL9txDXx7zsHyxgcO8=

caniuse-lite@^1.0.30001219:
  version "1.0.30001242"
  resolved "https://r.cnpmjs.org/caniuse-lite/download/caniuse-lite-1.0.30001242.tgz#04201627abcd60dc89211f22cbe2347306cda46b"
  integrity sha1-BCAWJ6vNYNyJIR8iy+I0cwbNpGs=

chalk@^4.1.0:
  version "4.1.1"
  resolved "https://r.cnpmjs.org/chalk/download/chalk-4.1.1.tgz#c80b3fab28bf6371e6863325eee67e618b77e6ad"
  integrity sha1-yAs/qyi/Y3HmhjMl7uZ+YYt35q0=
  dependencies:
    ansi-styles "^4.1.0"
    supports-color "^7.1.0"

chrome-trace-event@^1.0.2:
  version "1.0.3"
  resolved "https://r.cnpmjs.org/chrome-trace-event/download/chrome-trace-event-1.0.3.tgz#1015eced4741e15d06664a957dbbf50d041e26ac"
  integrity sha1-EBXs7UdB4V0GZkqVfbv1DQQeJqw=

color-convert@^2.0.1:
  version "2.0.1"
  resolved "https://r.cnpmjs.org/color-convert/download/color-convert-2.0.1.tgz#72d3a68d598c9bdb3af2ad1e84f21d896abd4de3"
  integrity sha1-ctOmjVmMm9s68q0ehPIdiWq9TeM=
  dependencies:
    color-name "~1.1.4"

color-name@~1.1.4:
  version "1.1.4"
  resolved "https://r.cnpmjs.org/color-name/download/color-name-1.1.4.tgz#c2a09a87acbde69543de6f63fa3995c826c536a2"
  integrity sha1-wqCah6y95pVD3m9j+jmVyCbFNqI=

colorette@^1.2.2:
  version "1.2.2"
  resolved "https://r.cnpmjs.org/colorette/download/colorette-1.2.2.tgz#cbcc79d5e99caea2dbf10eb3a26fd8b3e6acfa94"
  integrity sha1-y8x51emcrqLb8Q6zom/Ys+as+pQ=

commander@^2.20.0:
  version "2.20.3"
  resolved "https://r.cnpmjs.org/commander/download/commander-2.20.3.tgz#fd485e84c03eb4881c20722ba48035e8531aeb33"
  integrity sha1-/UhehMA+tIgcIHIrpIA16FMa6zM=

electron-to-chromium@^1.3.723:
  version "1.3.766"
  resolved "https://r.cnpmjs.org/electron-to-chromium/download/electron-to-chromium-1.3.766.tgz#2fd14a4e54f77665872f4e23fcf4968e83638220"
  integrity sha1-L9FKTlT3dmWHL04j/PSWjoNjgiA=

enhanced-resolve@^5.0.0, enhanced-resolve@^5.8.0:
  version "5.8.2"
  resolved "https://r.cnpmjs.org/enhanced-resolve/download/enhanced-resolve-5.8.2.tgz#15ddc779345cbb73e97c611cd00c01c1e7bf4d8b"
  integrity sha1-Fd3HeTRcu3PpfGEc0AwBwee/TYs=
  dependencies:
    graceful-fs "^4.2.4"
    tapable "^2.2.0"

es-module-lexer@^0.6.0:
  version "0.6.0"
  resolved "https://r.cnpmjs.org/es-module-lexer/download/es-module-lexer-0.6.0.tgz#e72ab05b7412e62b9be37c37a09bdb6000d706f0"
  integrity sha1-5yqwW3QS5iub43w3oJvbYADXBvA=

escalade@^3.1.1:
  version "3.1.1"
  resolved "https://r.cnpmjs.org/escalade/download/escalade-3.1.1.tgz#d8cfdc7000965c5a0174b4a82eaa5c0552742e40"
  integrity sha1-2M/ccACWXFoBdLSoLqpcBVJ0LkA=

eslint-scope@5.1.1:
  version "5.1.1"
  resolved "https://r.cnpmjs.org/eslint-scope/download/eslint-scope-5.1.1.tgz#e786e59a66cb92b3f6c1fb0d508aab174848f48c"
  integrity sha1-54blmmbLkrP2wfsNUIqrF0hI9Iw=
  dependencies:
    esrecurse "^4.3.0"
    estraverse "^4.1.1"

esrecurse@^4.3.0:
  version "4.3.0"
  resolved "https://r.cnpmjs.org/esrecurse/download/esrecurse-4.3.0.tgz#7ad7964d679abb28bee72cec63758b1c5d2c9921"
  integrity sha1-eteWTWeauyi+5yzsY3WLHF0smSE=
  dependencies:
    estraverse "^5.2.0"

estraverse@^4.1.1:
  version "4.3.0"
  resolved "https://r.cnpmjs.org/estraverse/download/estraverse-4.3.0.tgz#398ad3f3c5a24948be7725e83d11a7de28cdbd1d"
  integrity sha1-OYrT88WiSUi+dyXoPRGn3ijNvR0=

estraverse@^5.2.0:
  version "5.2.0"
  resolved "https://r.cnpmjs.org/estraverse/download/estraverse-5.2.0.tgz#307df42547e6cc7324d3cf03c155d5cdb8c53880"
  integrity sha1-MH30JUfmzHMk088DwVXVzbjFOIA=

events@^3.2.0:
  version "3.3.0"
  resolved "https://r.cnpmjs.org/events/download/events-3.3.0.tgz#31a95ad0a924e2d2c419a813aeb2c4e878ea7400"
  integrity sha1-Mala0Kkk4tLEGagTrrLE6HjqdAA=

fast-deep-equal@^3.1.1:
  version "3.1.3"
  resolved "https://r.cnpmjs.org/fast-deep-equal/download/fast-deep-equal-3.1.3.tgz#3a7d56b559d6cbc3eb512325244e619a65c6c525"
  integrity sha1-On1WtVnWy8PrUSMlJE5hmmXGxSU=

fast-json-stable-stringify@^2.0.0:
  version "2.1.0"
  resolved "https://r.cnpmjs.org/fast-json-stable-stringify/download/fast-json-stable-stringify-2.1.0.tgz#874bf69c6f404c2b5d99c481341399fd55892633"
  integrity sha1-h0v2nG9ATCtdmcSBNBOZ/VWJJjM=

fill-range@^7.0.1:
  version "7.0.1"
  resolved "https://r.cnpmjs.org/fill-range/download/fill-range-7.0.1.tgz#1919a6a7c75fe38b2c7c77e5198535da9acdda40"
  integrity sha1-GRmmp8df44ssfHflGYU12prN2kA=
  dependencies:
    to-regex-range "^5.0.1"

glob-to-regexp@^0.4.1:
  version "0.4.1"
  resolved "https://r.cnpmjs.org/glob-to-regexp/download/glob-to-regexp-0.4.1.tgz#c75297087c851b9a578bd217dd59a92f59fe546e"
  integrity sha1-x1KXCHyFG5pXi9IX3VmpL1n+VG4=

graceful-fs@^4.1.2, graceful-fs@^4.2.4:
  version "4.2.6"
  resolved "https://r.cnpmjs.org/graceful-fs/download/graceful-fs-4.2.6.tgz#ff040b2b0853b23c3d31027523706f1885d76bee"
  integrity sha1-/wQLKwhTsjw9MQJ1I3BvGIXXa+4=

has-flag@^4.0.0:
  version "4.0.0"
  resolved "https://r.cnpmjs.org/has-flag/download/has-flag-4.0.0.tgz#944771fd9c81c81265c4d6941860da06bb59479b"
  integrity sha1-lEdx/ZyByBJlxNaUGGDaBrtZR5s=

is-number@^7.0.0:
  version "7.0.0"
  resolved "https://r.cnpmjs.org/is-number/download/is-number-7.0.0.tgz#7535345b896734d5f80c4d06c50955527a14f12b"
  integrity sha1-dTU0W4lnNNX4DE0GxQlVUnoU8Ss=

jest-worker@^27.0.2:
  version "27.0.6"
  resolved "https://r.cnpmjs.org/jest-worker/download/jest-worker-27.0.6.tgz#a5fdb1e14ad34eb228cfe162d9f729cdbfa28aed"
  integrity sha1-pf2x4UrTTrIoz+Fi2fcpzb+iiu0=
  dependencies:
    "@types/node" "*"
    merge-stream "^2.0.0"
    supports-color "^8.0.0"

json-parse-better-errors@^1.0.2:
  version "1.0.2"
  resolved "https://r.cnpmjs.org/json-parse-better-errors/download/json-parse-better-errors-1.0.2.tgz#bb867cfb3450e69107c131d1c514bab3dc8bcaa9"
  integrity sha1-u4Z8+zRQ5pEHwTHRxRS6s9yLyqk=

json-schema-traverse@^0.4.1:
  version "0.4.1"
  resolved "https://r.cnpmjs.org/json-schema-traverse/download/json-schema-traverse-0.4.1.tgz#69f6a87d9513ab8bb8fe63bdb0979c448e684660"
  integrity sha1-afaofZUTq4u4/mO9sJecRI5oRmA=

loader-runner@^4.2.0:
  version "4.2.0"
  resolved "https://r.cnpmjs.org/loader-runner/download/loader-runner-4.2.0.tgz#d7022380d66d14c5fb1d496b89864ebcfd478384"
  integrity sha1-1wIjgNZtFMX7HUlriYZOvP1Hg4Q=

long@^4.0.0:
  version "4.0.0"
  resolved "https://r.cnpmjs.org/long/download/long-4.0.0.tgz#9a7b71cfb7d361a194ea555241c92f7468d5bf28"
  integrity sha1-mntxz7fTYaGU6lVSQckvdGjVvyg=

lru-cache@^6.0.0:
  version "6.0.0"
  resolved "https://r.cnpmjs.org/lru-cache/download/lru-cache-6.0.0.tgz#6d6fe6570ebd96aaf90fcad1dafa3b2566db3a94"
  integrity sha1-bW/mVw69lqr5D8rR2vo7JWbbOpQ=
  dependencies:
    yallist "^4.0.0"

merge-stream@^2.0.0:
  version "2.0.0"
  resolved "https://r.cnpmjs.org/merge-stream/download/merge-stream-2.0.0.tgz#52823629a14dd00c9770fb6ad47dc6310f2c1f60"
  integrity sha1-UoI2KaFN0AyXcPtq1H3GMQ8sH2A=

micromatch@^4.0.0:
  version "4.0.4"
  resolved "https://r.cnpmjs.org/micromatch/download/micromatch-4.0.4.tgz#896d519dfe9db25fce94ceb7a500919bf881ebf9"
  integrity sha1-iW1Rnf6dsl/OlM63pQCRm/iB6/k=
  dependencies:
    braces "^3.0.1"
    picomatch "^2.2.3"

mime-db@1.48.0:
  version "1.48.0"
  resolved "https://r.cnpmjs.org/mime-db/download/mime-db-1.48.0.tgz#e35b31045dd7eada3aaad537ed88a33afbef2d1d"
  integrity sha1-41sxBF3X6to6qtU37YijOvvvLR0=

mime-types@^2.1.27:
  version "2.1.31"
  resolved "https://r.cnpmjs.org/mime-types/download/mime-types-2.1.31.tgz#a00d76b74317c61f9c2db2218b8e9f8e9c5c9e6b"
  integrity sha1-oA12t0MXxh+cLbIhi46fjpxcnms=
  dependencies:
    mime-db "1.48.0"

neo-async@^2.6.2:
  version "2.6.2"
  resolved "https://r.cnpmjs.org/neo-async/download/neo-async-2.6.2.tgz#b4aafb93e3aeb2d8174ca53cf163ab7d7308305f"
  integrity sha1-tKr7k+OustgXTKU88WOrfXMIMF8=

node-releases@^1.1.71:
  version "1.1.73"
  resolved "https://r.cnpmjs.org/node-releases/download/node-releases-1.1.73.tgz#dd4e81ddd5277ff846b80b52bb40c49edf7a7b20"
  integrity sha1-3U6B3dUnf/hGuAtSu0DEnt96eyA=

p-limit@^3.1.0:
  version "3.1.0"
  resolved "https://r.cnpmjs.org/p-limit/download/p-limit-3.1.0.tgz#e1daccbe78d0d1388ca18c64fea38e3e57e3706b"
  integrity sha1-4drMvnjQ0TiMoYxk/qOOPlfjcGs=
  dependencies:
    yocto-queue "^0.1.0"

picomatch@^2.2.3:
  version "2.3.0"
  resolved "https://r.cnpmjs.org/picomatch/download/picomatch-2.3.0.tgz#f1f061de8f6a4bf022892e2d128234fb98302972"
  integrity sha1-8fBh3o9qS/AiiS4tEoI0+5gwKXI=

protobufjs@^6.11.2:
  version "6.11.2"
  resolved "https://r.cnpmjs.org/protobufjs/download/protobufjs-6.11.2.tgz#de39fabd4ed32beaa08e9bb1e30d08544c1edf8b"
  integrity sha1-3jn6vU7TK+qgjpux4w0IVEwe34s=
  dependencies:
    "@protobufjs/aspromise" "^1.1.2"
    "@protobufjs/base64" "^1.1.2"
    "@protobufjs/codegen" "^2.0.4"
    "@protobufjs/eventemitter" "^1.1.0"
    "@protobufjs/fetch" "^1.1.0"
    "@protobufjs/float" "^1.0.2"
    "@protobufjs/inquire" "^1.1.0"
    "@protobufjs/path" "^1.1.2"
    "@protobufjs/pool" "^1.1.0"
    "@protobufjs/utf8" "^1.1.0"
    "@types/long" "^4.0.1"
    "@types/node" ">=13.7.0"
    long "^4.0.0"

punycode@^2.1.0:
  version "2.1.1"
  resolved "https://r.cnpmjs.org/punycode/download/punycode-2.1.1.tgz#b58b010ac40c22c5657616c8d2c2c02c7bf479ec"
  integrity sha1-tYsBCsQMIsVldhbI0sLALHv0eew=

randombytes@^2.1.0:
  version "2.1.0"
  resolved "https://r.cnpmjs.org/randombytes/download/randombytes-2.1.0.tgz#df6f84372f0270dc65cdf6291349ab7a473d4f2a"
  integrity sha1-32+ENy8CcNxlzfYpE0mrekc9Tyo=
  dependencies:
    safe-buffer "^5.1.0"

safe-buffer@^5.1.0:
  version "5.2.1"
  resolved "https://r.cnpmjs.org/safe-buffer/download/safe-buffer-5.2.1.tgz#1eaf9fa9bdb1fdd4ec75f58f9cdb4e6b7827eec6"
  integrity sha1-Hq+fqb2x/dTsdfWPnNtOa3gn7sY=

schema-utils@^3.0.0:
  version "3.0.0"
  resolved "https://r.cnpmjs.org/schema-utils/download/schema-utils-3.0.0.tgz#67502f6aa2b66a2d4032b4279a2944978a0913ef"
  integrity sha1-Z1AvaqK2ai1AMrQnmilEl4oJE+8=
  dependencies:
    "@types/json-schema" "^7.0.6"
    ajv "^6.12.5"
    ajv-keywords "^3.5.2"

semver@^7.3.4:
  version "7.3.5"
  resolved "https://r.cnpmjs.org/semver/download/semver-7.3.5.tgz#0b621c879348d8998e4b0e4be94b3f12e6018ef7"
  integrity sha1-C2Ich5NI2JmOSw5L6Us/EuYBjvc=
  dependencies:
    lru-cache "^6.0.0"

serialize-javascript@^6.0.0:
  version "6.0.0"
  resolved "https://r.cnpmjs.org/serialize-javascript/download/serialize-javascript-6.0.0.tgz#efae5d88f45d7924141da8b5c3a7a7e663fefeb8"
  integrity sha1-765diPRdeSQUHai1w6en5mP+/rg=
  dependencies:
    randombytes "^2.1.0"

source-list-map@^2.0.1:
  version "2.0.1"
  resolved "https://r.cnpmjs.org/source-list-map/download/source-list-map-2.0.1.tgz#3993bd873bfc48479cca9ea3a547835c7c154b34"
  integrity sha1-OZO9hzv8SEecyp6jpUeDXHwVSzQ=

source-map-support@~0.5.19:
  version "0.5.19"
  resolved "https://r.cnpmjs.org/source-map-support/download/source-map-support-0.5.19.tgz#a98b62f86dcaf4f67399648c085291ab9e8fed61"
  integrity sha1-qYti+G3K9PZzmWSMCFKRq56P7WE=
  dependencies:
    buffer-from "^1.0.0"
    source-map "^0.6.0"

source-map@^0.6.0, source-map@^0.6.1:
  version "0.6.1"
  resolved "https://r.cnpmjs.org/source-map/download/source-map-0.6.1.tgz#74722af32e9614e9c287a8d0bbde48b5e2f1a263"
  integrity sha1-dHIq8y6WFOnCh6jQu95IteLxomM=

source-map@~0.7.2:
  version "0.7.3"
  resolved "https://r.cnpmjs.org/source-map/download/source-map-0.7.3.tgz#5302f8169031735226544092e64981f751750383"
  integrity sha1-UwL4FpAxc1ImVECS5kmB91F1A4M=

supports-color@^7.1.0:
  version "7.2.0"
  resolved "https://r.cnpmjs.org/supports-color/download/supports-color-7.2.0.tgz#1b7dcdcb32b8138801b3e478ba6a51caa89648da"
  integrity sha1-G33NyzK4E4gBs+R4umpRyqiWSNo=
  dependencies:
    has-flag "^4.0.0"

supports-color@^8.0.0:
  version "8.1.1"
  resolved "https://r.cnpmjs.org/supports-color/download/supports-color-8.1.1.tgz#cd6fc17e28500cff56c1b86c0a7fd4a54a73005c"
  integrity sha1-zW/BfihQDP9WwbhsCn/UpUpzAFw=
  dependencies:
    has-flag "^4.0.0"

tapable@^2.1.1, tapable@^2.2.0:
  version "2.2.0"
  resolved "https://r.cnpmjs.org/tapable/download/tapable-2.2.0.tgz#5c373d281d9c672848213d0e037d1c4165ab426b"
  integrity sha1-XDc9KB2cZyhIIT0OA30cQWWrQms=

terser-webpack-plugin@^5.1.3:
  version "5.1.4"
  resolved "https://r.cnpmjs.org/terser-webpack-plugin/download/terser-webpack-plugin-5.1.4.tgz#c369cf8a47aa9922bd0d8a94fe3d3da11a7678a1"
  integrity sha1-w2nPikeqmSK9DYqU/j09oRp2eKE=
  dependencies:
    jest-worker "^27.0.2"
    p-limit "^3.1.0"
    schema-utils "^3.0.0"
    serialize-javascript "^6.0.0"
    source-map "^0.6.1"
    terser "^5.7.0"

terser@^5.7.0:
  version "5.7.1"
  resolved "https://r.cnpmjs.org/terser/download/terser-5.7.1.tgz#2dc7a61009b66bb638305cb2a824763b116bf784"
  integrity sha1-LcemEAm2a7Y4MFyyqCR2OxFr94Q=
  dependencies:
    commander "^2.20.0"
    source-map "~0.7.2"
    source-map-support "~0.5.19"

to-regex-range@^5.0.1:
  version "5.0.1"
  resolved "https://r.cnpmjs.org/to-regex-range/download/to-regex-range-5.0.1.tgz#1648c44aae7c8d988a326018ed72f5b4dd0392e4"
  integrity sha1-FkjESq58jZiKMmAY7XL1tN0DkuQ=
  dependencies:
    is-number "^7.0.0"

ts-loader@^9.2.3:
  version "9.2.3"
  resolved "https://r.cnpmjs.org/ts-loader/download/ts-loader-9.2.3.tgz#dc3b6362a4d4382493cd4f138d345f419656de68"
  integrity sha1-3DtjYqTUOCSTzU8TjTRfQZZW3mg=
  dependencies:
    chalk "^4.1.0"
    enhanced-resolve "^5.0.0"
    micromatch "^4.0.0"
    semver "^7.3.4"

typescript@^4.3.5:
  version "4.3.5"
  resolved "https://r.cnpmjs.org/typescript/download/typescript-4.3.5.tgz#4d1c37cc16e893973c45a06886b7113234f119f4"
  integrity sha1-TRw3zBbok5c8RaBohrcRMjTxGfQ=

uri-js@^4.2.2:
  version "4.4.1"
  resolved "https://r.cnpmjs.org/uri-js/download/uri-js-4.4.1.tgz#9b1a52595225859e55f669d928f88c6c57f2a77e"
  integrity sha1-mxpSWVIlhZ5V9mnZKPiMbFfyp34=
  dependencies:
    punycode "^2.1.0"

watchpack@^2.2.0:
  version "2.2.0"
  resolved "https://r.cnpmjs.org/watchpack/download/watchpack-2.2.0.tgz#47d78f5415fe550ecd740f99fe2882323a58b1ce"
  integrity sha1-R9ePVBX+VQ7NdA+Z/iiCMjpYsc4=
  dependencies:
    glob-to-regexp "^0.4.1"
    graceful-fs "^4.1.2"

webpack-sources@^2.3.0:
  version "2.3.0"
  resolved "https://r.cnpmjs.org/webpack-sources/download/webpack-sources-2.3.0.tgz#9ed2de69b25143a4c18847586ad9eccb19278cfa"
  integrity sha1-ntLeabJRQ6TBiEdYatnsyxknjPo=
  dependencies:
    source-list-map "^2.0.1"
    source-map "^0.6.1"

webpack@^5.42.0:
  version "5.42.0"
  resolved "https://r.cnpmjs.org/webpack/download/webpack-5.42.0.tgz#39aadbce84ad2cebf86cc5f88a2c53db65cbddfb"
  integrity sha1-OarbzoStLOv4bMX4iixT22XL3fs=
  dependencies:
    "@types/eslint-scope" "^3.7.0"
    "@types/estree" "^0.0.48"
    "@webassemblyjs/ast" "1.11.0"
    "@webassemblyjs/wasm-edit" "1.11.0"
    "@webassemblyjs/wasm-parser" "1.11.0"
    acorn "^8.4.1"
    browserslist "^4.14.5"
    chrome-trace-event "^1.0.2"
    enhanced-resolve "^5.8.0"
    es-module-lexer "^0.6.0"
    eslint-scope "5.1.1"
    events "^3.2.0"
    glob-to-regexp "^0.4.1"
    graceful-fs "^4.2.4"
    json-parse-better-errors "^1.0.2"
    loader-runner "^4.2.0"
    mime-types "^2.1.27"
    neo-async "^2.6.2"
    schema-utils "^3.0.0"
    tapable "^2.1.1"
    terser-webpack-plugin "^5.1.3"
    watchpack "^2.2.0"
    webpack-sources "^2.3.0"

yallist@^4.0.0:
  version "4.0.0"
  resolved "https://r.cnpmjs.org/yallist/download/yallist-4.0.0.tgz#9bb92790d9c0effec63be73519e11a35019a3a72"
  integrity sha1-m7knkNnA7/7GO+c1GeEaNQGaOnI=

yocto-queue@^0.1.0:
  version "0.1.0"
  resolved "https://r.cnpmjs.org/yocto-queue/download/yocto-queue-0.1.0.tgz#0294eb3dee05028d31ee1a5fa2c556a6aaf10a1b"
  integrity sha1-ApTrPe4FAo0x7hpfosVWpqrxChs=
